<?xml version="1.0" encoding="utf-8"?>
<Project ToolsVersion="4.0" xmlns="http://schemas.microsoft.com/developer/msbuild/2003">
  <ItemGroup>
    <Filter Include="Form Files">
      <UniqueIdentifier>{99349809-55BA-4b9d-BF79-8FDBB0286EB3}</UniqueIdentifier>
      <Extensions>ui</Extensions>
      <ParseFiles>false</ParseFiles>
    </Filter>
    <Filter Include="Form Files">
      <UniqueIdentifier>{99349809-55BA-4b9d-BF79-8FDBB0286EB3}</UniqueIdentifier>
      <Extensions>ui</Extensions>
      <ParseFiles>false</ParseFiles>
    </Filter>
    <Filter Include="Generated Files">
      <UniqueIdentifier>{71ED8ED8-ACB9-4CE9-BBE1-E00B30144E11}</UniqueIdentifier>
      <Extensions>cpp;c;cxx;moc;h;def;odl;idl;res;</Extensions>
    </Filter>
    <Filter Include="Generated Files">
      <UniqueIdentifier>{71ED8ED8-ACB9-4CE9-BBE1-E00B30144E11}</UniqueIdentifier>
      <Extensions>cpp;c;cxx;moc;h;def;odl;idl;res;</Extensions>
    </Filter>
    <Filter Include="Header Files">
      <UniqueIdentifier>{93995380-89BD-4b04-88EB-625FBE52EBFB}</UniqueIdentifier>
      <Extensions>h;hpp;hxx;hm;inl;inc;xsd</Extensions>
    </Filter>
    <Filter Include="Header Files">
      <UniqueIdentifier>{93995380-89BD-4b04-88EB-625FBE52EBFB}</UniqueIdentifier>
      <Extensions>h;hpp;hxx;hm;inl;inc;xsd</Extensions>
    </Filter>
    <Filter Include="Resource Files">
      <UniqueIdentifier>{D9D6E242-F8AF-46E4-B9FD-80ECBC20BA3E}</UniqueIdentifier>
      <Extensions>qrc;*</Extensions>
      <ParseFiles>false</ParseFiles>
    </Filter>
    <Filter Include="Resource Files">
      <UniqueIdentifier>{D9D6E242-F8AF-46E4-B9FD-80ECBC20BA3E}</UniqueIdentifier>
      <Extensions>qrc;*</Extensions>
      <ParseFiles>false</ParseFiles>
    </Filter>
    <Filter Include="Source Files">
      <UniqueIdentifier>{4FC737F1-C7A5-4376-A066-2A32D752A2FF}</UniqueIdentifier>
      <Extensions>cpp;c;cxx;def;odl;idl;hpj;bat;asm;asmx</Extensions>
    </Filter>
    <Filter Include="Source Files">
      <UniqueIdentifier>{4FC737F1-C7A5-4376-A066-2A32D752A2FF}</UniqueIdentifier>
      <Extensions>cpp;c;cxx;def;odl;idl;hpj;bat;asm;asmx</Extensions>
    </Filter>
  </ItemGroup>
  <ItemGroup>
    <ClCompile Include="hgraph.cpp">
      <Filter>Source Files</Filter>
    </ClCompile>
    <ClCompile Include="hgrapheditordoc.cpp">
      <Filter>Source Files</Filter>
    </ClCompile>
    <ClCompile Include="hgrapheditormainwindow.cpp">
      <Filter>Source Files</Filter>
    </ClCompile>
    <ClCompile Include="hgrapheditormgr.cpp">
      <Filter>Source Files</Filter>
    </ClCompile>
    <ClCompile Include="hgrapheditorscene.cpp">
      <Filter>Source Files</Filter>
    </ClCompile>
    <ClCompile Include="hgrapheditorview.cpp">
      <Filter>Source Files</Filter>
    </ClCompile>
    <ClCompile Include="hgraphtreewidget.cpp">
      <Filter>Source Files</Filter>
    </ClCompile>
    <ClCompile Include="hiconlistwidget.cpp">
      <Filter>Source Files</Filter>
    </ClCompile>
    <ClCompile Include="hicontabwidget.cpp">
      <Filter>Source Files</Filter>
    </ClCompile>
    <ClCompile Include="hicontreewidget.cpp">
      <Filter>Source Files</Filter>
    </ClCompile>
    <ClCompile Include="hiconvieweditor.cpp">
      <Filter>Source Files</Filter>
    </ClCompile>
    <ClCompile Include="main.cpp">
      <Filter>Source Files</Filter>
    </ClCompile>
  </ItemGroup>
  <ItemGroup>
    <ClInclude Include="hgraph.h">
      <Filter>Header Files</Filter>
    </ClInclude>
    <ClInclude Include="hgrapheditordoc.h">
      <Filter>Header Files</Filter>
    </ClInclude>
    <CustomBuild Include="hgrapheditormainwindow.h">
      <Filter>Header Files</Filter>
    </CustomBuild>
    <ClInclude Include="hgrapheditormgr.h">
      <Filter>Header Files</Filter>
    </ClInclude>
    <CustomBuild Include="hgrapheditorscene.h">
      <Filter>Header Files</Filter>
    </CustomBuild>
    <CustomBuild Include="hgrapheditorview.h">
      <Filter>Header Files</Filter>
    </CustomBuild>
    <CustomBuild Include="hgraphtreewidget.h">
      <Filter>Header Files</Filter>
    </CustomBuild>
    <CustomBuild Include="hiconlistwidget.h">
      <Filter>Header Files</Filter>
    </CustomBuild>
    <CustomBuild Include="hicontabwidget.h">
      <Filter>Header Files</Filter>
    </CustomBuild>
    <CustomBuild Include="hicontreewidget.h">
      <Filter>Header Files</Filter>
    </CustomBuild>
    <ClInclude Include="hiconvieweditor.h">
      <Filter>Header Files</Filter>
    </ClInclude>
  </ItemGroup>
  <ItemGroup>
    <ClCompile Include="debug\moc_hgrapheditormainwindow.cpp">
      <Filter>Generated Files</Filter>
    </ClCompile>
    <ClCompile Include="release\moc_hgrapheditormainwindow.cpp">
      <Filter>Generated Files</Filter>
    </ClCompile>
    <ClCompile Include="debug\moc_hgrapheditorscene.cpp">
      <Filter>Generated Files</Filter>
    </ClCompile>
    <ClCompile Include="release\moc_hgrapheditorscene.cpp">
      <Filter>Generated Files</Filter>
    </ClCompile>
    <ClCompile Include="debug\moc_hgrapheditorview.cpp">
      <Filter>Generated Files</Filter>
    </ClCompile>
    <ClCompile Include="release\moc_hgrapheditorview.cpp">
      <Filter>Generated Files</Filter>
    </ClCompile>
    <ClCompile Include="debug\moc_hgraphtreewidget.cpp">
      <Filter>Generated Files</Filter>
    </ClCompile>
    <ClCompile Include="release\moc_hgraphtreewidget.cpp">
      <Filter>Generated Files</Filter>
    </ClCompile>
    <ClCompile Include="debug\moc_hiconlistwidget.cpp">
      <Filter>Generated Files</Filter>
    </ClCompile>
    <ClCompile Include="release\moc_hiconlistwidget.cpp">
      <Filter>Generated Files</Filter>
    </ClCompile>
    <ClCompile Include="debug\moc_hicontabwidget.cpp">
      <Filter>Generated Files</Filter>
    </ClCompile>
    <ClCompile Include="release\moc_hicontabwidget.cpp">
      <Filter>Generated Files</Filter>
    </ClCompile>
    <ClCompile Include="debug\moc_hicontreewidget.cpp">
      <Filter>Generated Files</Filter>
    </ClCompile>
    <ClCompile Include="release\moc_hicontreewidget.cpp">
      <Filter>Generated Files</Filter>
    </ClCompile>
    <ClCompile Include="debug\qrc_images.cpp">
      <Filter>Generated Files</Filter>
    </ClCompile>
    <ClCompile Include="release\qrc_images.cpp">
      <Filter>Generated Files</Filter>
    </ClCompile>
  </ItemGroup>
  <ItemGroup>
    <CustomBuild Include="grapheditormainwindow.ui">
      <Filter>Form Files</Filter>
    </CustomBuild>
  </ItemGroup>
  <ItemGroup>
    <None Include="images\arc.png">
      <Filter>Resource Files</Filter>
    </None>
    <None Include="images\circle.png">
      <Filter>Resource Files</Filter>
    </None>
    <None Include="images\config.png">
      <Filter>Resource Files</Filter>
    </None>
    <None Include="images\copy.png">
      <Filter>Resource Files</Filter>
    </None>
    <None Include="images\cut.png">
      <Filter>Resource Files</Filter>
    </None>
    <None Include="images\delete.png">
      <Filter>Resource Files</Filter>
    </None>
    <None Include="images\edit-redo.png">
      <Filter>Resource Files</Filter>
    </None>
    <None Include="images\edit-undo.png">
      <Filter>Resource Files</Filter>
    </None>
    <None Include="images\edit_align_samespace_h.png">
      <Filter>Resource Files</Filter>
    </None>
    <None Include="images\edit_align_samespace_v.png">
      <Filter>Resource Files</Filter>
    </None>
    <None Include="images\edit_sameheight.png">
      <Filter>Resource Files</Filter>
    </None>
    <None Include="images\edit_samesize.png">
      <Filter>Resource Files</Filter>
    </None>
    <None Include="images\edit_samewidth.png">
      <Filter>Resource Files</Filter>
    </None>
    <None Include="images\format_fill_color.png">
      <Filter>Resource Files</Filter>
    </None>
    <None Include="images\format_stroke_color.png">
      <Filter>Resource Files</Filter>
    </None>
    <None Include="images\games_config_background.png">
      <Filter>Resource Files</Filter>
    </None>
    <CustomBuild Include="images.qrc">
      <Filter>Resource Files</Filter>
    </CustomBuild>
    <None Include="images\line.png">
      <Filter>Resource Files</Filter>
    </None>
    <None Include="images\new.png">
      <Filter>Resource Files</Filter>
    </None>
    <None Include="images\open.png">
      <Filter>Resource Files</Filter>
    </None>
    <None Include="images\paste.png">
      <Filter>Resource Files</Filter>
    </None>
    <None Include="images\pie.png">
      <Filter>Resource Files</Filter>
    </None>
    <None Include="images\polygon.png">
      <Filter>Resource Files</Filter>
    </None>
    <None Include="images\polyline.png">
      <Filter>Resource Files</Filter>
    </None>
    <None Include="images\rectangle.png">
      <Filter>Resource Files</Filter>
    </None>
    <None Include="images\rotate.png">
      <Filter>Resource Files</Filter>
    </None>
    <None Include="images\save.png">
      <Filter>Resource Files</Filter>
    </None>
    <None Include="images\select.png">
      <Filter>Resource Files</Filter>
    </None>
    <None Include="images\shape_align_bottom.png">
      <Filter>Resource Files</Filter>
    </None>
    <None Include="images\shape_align_center.png">
      <Filter>Resource Files</Filter>
    </None>
    <None Include="images\shape_align_left.png">
      <Filter>Resource Files</Filter>
    </None>
    <None Include="images\shape_align_middle.png">
      <Filter>Resource Files</Filter>
    </None>
    <None Include="images\shape_align_right.png">
      <Filter>Resource Files</Filter>
    </None>
    <None Include="images\shape_align_top.png">
      <Filter>Resource Files</Filter>
    </None>
    <None Include="images\shape_flip_horizontal.png">
      <Filter>Resource Files</Filter>
    </None>
    <None Include="images\shape_flip_vertical.png">
      <Filter>Resource Files</Filter>
    </None>
    <None Include="images\shape_group.png">
      <Filter>Resource Files</Filter>
    </None>
    <None Include="images\shape_move_back.png">
      <Filter>Resource Files</Filter>
    </None>
    <None Include="images\shape_move_front.png">
      <Filter>Resource Files</Filter>
    </None>
    <None Include="images\shape_rotate_anticlockwise.png">
      <Filter>Resource Files</Filter>
    </None>
    <None Include="images\shape_rotate_clockwise.png">
      <Filter>Resource Files</Filter>
    </None>
    <None Include="images\shape_ungroup.png">
      <Filter>Resource Files</Filter>
    </None>
    <None Include="images\text.png">
      <Filter>Resource Files</Filter>
    </None>
    <None Include="images\text_bold.png">
      <Filter>Resource Files</Filter>
    </None>
    <None Include="images\text_italic.png">
      <Filter>Resource Files</Filter>
    </None>
    <None Include="images\text_underline.png">
      <Filter>Resource Files</Filter>
    </None>
    <None Include="images\zoom.png">
      <Filter>Resource Files</Filter>
    </None>
    <None Include="images\zoom_in.png">
      <Filter>Resource Files</Filter>
    </None>
    <None Include="images\zoom_out.png">
      <Filter>Resource Files</Filter>
    </None>
    <None Include="images\zoom_same.png">
      <Filter>Resource Files</Filter>
    </None>
  </ItemGroup>
</Project>